// !$*UTF8*$!
{
	archiveVersion = 1;
	classes = {
	};
	objectVersion = 46;
	objects = {

/* Begin PBXBuildFile section */
		1001DDBC1A24B7D200B84E66 /* TYDiaryViewController.m in Sources */ = {isa = PBXBuildFile; fileRef = 1001DDBB1A24B7D200B84E66 /* TYDiaryViewController.m */; };
		1001DDC01A255F3300B84E66 /* TYEditorViewController.m in Sources */ = {isa = PBXBuildFile; fileRef = 1001DDBF1A255F3300B84E66 /* TYEditorViewController.m */; };
		1001E5211A1EC476003AB9A3 /* TYResultViewController.m in Sources */ = {isa = PBXBuildFile; fileRef = 1001E5201A1EC476003AB9A3 /* TYResultViewController.m */; };
		1001E5241A1EC60A003AB9A3 /* TYKeywordSearchConn.m in Sources */ = {isa = PBXBuildFile; fileRef = 1001E5231A1EC60A003AB9A3 /* TYKeywordSearchConn.m */; };
		1001E5281A1EF881003AB9A3 /* TYDetailViewController.m in Sources */ = {isa = PBXBuildFile; fileRef = 1001E5271A1EF881003AB9A3 /* TYDetailViewController.m */; };
		1001E52B1A1F0512003AB9A3 /* TYDetailSearchConn.m in Sources */ = {isa = PBXBuildFile; fileRef = 1001E52A1A1F0512003AB9A3 /* TYDetailSearchConn.m */; };
		1001E52F1A1F32E1003AB9A3 /* TYRegisterViewController.m in Sources */ = {isa = PBXBuildFile; fileRef = 1001E52E1A1F32E1003AB9A3 /* TYRegisterViewController.m */; };
		1001E5331A1F7D46003AB9A3 /* TYMapViewController.m in Sources */ = {isa = PBXBuildFile; fileRef = 1001E5321A1F7D46003AB9A3 /* TYMapViewController.m */; };
		108FDCC31A1DA00C00658904 /* main.m in Sources */ = {isa = PBXBuildFile; fileRef = 108FDCC21A1DA00C00658904 /* main.m */; };
		108FDCC61A1DA00C00658904 /* TYAppDelegate.m in Sources */ = {isa = PBXBuildFile; fileRef = 108FDCC51A1DA00C00658904 /* TYAppDelegate.m */; };
		108FDCC91A1DA00C00658904 /* TYViewController.m in Sources */ = {isa = PBXBuildFile; fileRef = 108FDCC81A1DA00C00658904 /* TYViewController.m */; };
		108FDCCC1A1DA00C00658904 /* Main.storyboard in Resources */ = {isa = PBXBuildFile; fileRef = 108FDCCA1A1DA00C00658904 /* Main.storyboard */; };
		108FDCCE1A1DA00C00658904 /* Images.xcassets in Resources */ = {isa = PBXBuildFile; fileRef = 108FDCCD1A1DA00C00658904 /* Images.xcassets */; };
		108FDCD11A1DA00C00658904 /* LaunchScreen.xib in Resources */ = {isa = PBXBuildFile; fileRef = 108FDCCF1A1DA00C00658904 /* LaunchScreen.xib */; };
		108FDCDD1A1DA00C00658904 /* GourmetDiaryTests.m in Sources */ = {isa = PBXBuildFile; fileRef = 108FDCDC1A1DA00C00658904 /* GourmetDiaryTests.m */; };
		108FDCEC1A1DC0E600658904 /* TYApplication.m in Sources */ = {isa = PBXBuildFile; fileRef = 108FDCEB1A1DC0E600658904 /* TYApplication.m */; };
		108FDCEF1A1DC10600658904 /* TYURLOperation.m in Sources */ = {isa = PBXBuildFile; fileRef = 108FDCEE1A1DC10600658904 /* TYURLOperation.m */; };
		108FDCF21A1DC11A00658904 /* TYUtil.m in Sources */ = {isa = PBXBuildFile; fileRef = 108FDCF11A1DC11A00658904 /* TYUtil.m */; };
		108FDCF51A1DC14000658904 /* TYLocationSearch.m in Sources */ = {isa = PBXBuildFile; fileRef = 108FDCF41A1DC14000658904 /* TYLocationSearch.m */; };
		108FDCF91A1DC19400658904 /* GourmetDiary.xcdatamodeld in Sources */ = {isa = PBXBuildFile; fileRef = 108FDCF71A1DC19400658904 /* GourmetDiary.xcdatamodeld */; };
		108FDCFC1A1DC1A700658904 /* TYGourmetDiaryManager.m in Sources */ = {isa = PBXBuildFile; fileRef = 108FDCFB1A1DC1A700658904 /* TYGourmetDiaryManager.m */; };
		108FDCFF1A1DC25600658904 /* SearchData.m in Sources */ = {isa = PBXBuildFile; fileRef = 108FDCFE1A1DC25600658904 /* SearchData.m */; };
		108FDD051A1DC4C900658904 /* KeywordSearch.m in Sources */ = {isa = PBXBuildFile; fileRef = 108FDD041A1DC4C900658904 /* KeywordSearch.m */; };
		108FDD0D1A1DCA9A00658904 /* TYSearchViewController.m in Sources */ = {isa = PBXBuildFile; fileRef = 108FDD0C1A1DCA9A00658904 /* TYSearchViewController.m */; };
		108FDD101A1DD97300658904 /* TYLocationInfo.m in Sources */ = {isa = PBXBuildFile; fileRef = 108FDD0F1A1DD97300658904 /* TYLocationInfo.m */; };
		108FDD141A1E06C800658904 /* TYSearchTableViewCell.m in Sources */ = {isa = PBXBuildFile; fileRef = 108FDD131A1E06C800658904 /* TYSearchTableViewCell.m */; };
		10C927C01A204BAE00CD6669 /* MapKit.framework in Frameworks */ = {isa = PBXBuildFile; fileRef = 10C927BF1A204BAE00CD6669 /* MapKit.framework */; };
		10C927C31A20BA5A00CD6669 /* TYVisitedTableViewCell.m in Sources */ = {isa = PBXBuildFile; fileRef = 10C927C21A20BA5A00CD6669 /* TYVisitedTableViewCell.m */; };
		10C927C61A218C6400CD6669 /* ShopMst.m in Sources */ = {isa = PBXBuildFile; fileRef = 10C927C51A218C6400CD6669 /* ShopMst.m */; };
		10C927C91A218C6500CD6669 /* VisitData.m in Sources */ = {isa = PBXBuildFile; fileRef = 10C927C81A218C6500CD6669 /* VisitData.m */; };
		10D28D501A29D06500261360 /* TYShopViewController.m in Sources */ = {isa = PBXBuildFile; fileRef = 10D28D4F1A29D06500261360 /* TYShopViewController.m */; };
/* End PBXBuildFile section */

/* Begin PBXContainerItemProxy section */
		108FDCD71A1DA00C00658904 /* PBXContainerItemProxy */ = {
			isa = PBXContainerItemProxy;
			containerPortal = 108FDCB51A1DA00C00658904 /* Project object */;
			proxyType = 1;
			remoteGlobalIDString = 108FDCBC1A1DA00C00658904;
			remoteInfo = GourmetDiary;
		};
/* End PBXContainerItemProxy section */

/* Begin PBXFileReference section */
		1001DDBA1A24B7D200B84E66 /* TYDiaryViewController.h */ = {isa = PBXFileReference; fileEncoding = 4; lastKnownFileType = sourcecode.c.h; path = TYDiaryViewController.h; sourceTree = "<group>"; };
		1001DDBB1A24B7D200B84E66 /* TYDiaryViewController.m */ = {isa = PBXFileReference; fileEncoding = 4; lastKnownFileType = sourcecode.c.objc; path = TYDiaryViewController.m; sourceTree = "<group>"; };
		1001DDBE1A255F3300B84E66 /* TYEditorViewController.h */ = {isa = PBXFileReference; fileEncoding = 4; lastKnownFileType = sourcecode.c.h; path = TYEditorViewController.h; sourceTree = "<group>"; };
		1001DDBF1A255F3300B84E66 /* TYEditorViewController.m */ = {isa = PBXFileReference; fileEncoding = 4; lastKnownFileType = sourcecode.c.objc; path = TYEditorViewController.m; sourceTree = "<group>"; };
		1001E51F1A1EC476003AB9A3 /* TYResultViewController.h */ = {isa = PBXFileReference; fileEncoding = 4; lastKnownFileType = sourcecode.c.h; path = TYResultViewController.h; sourceTree = "<group>"; };
		1001E5201A1EC476003AB9A3 /* TYResultViewController.m */ = {isa = PBXFileReference; fileEncoding = 4; lastKnownFileType = sourcecode.c.objc; path = TYResultViewController.m; sourceTree = "<group>"; };
		1001E5221A1EC60A003AB9A3 /* TYKeywordSearchConn.h */ = {isa = PBXFileReference; fileEncoding = 4; lastKnownFileType = sourcecode.c.h; path = TYKeywordSearchConn.h; sourceTree = "<group>"; };
		1001E5231A1EC60A003AB9A3 /* TYKeywordSearchConn.m */ = {isa = PBXFileReference; fileEncoding = 4; lastKnownFileType = sourcecode.c.objc; path = TYKeywordSearchConn.m; sourceTree = "<group>"; };
		1001E5261A1EF881003AB9A3 /* TYDetailViewController.h */ = {isa = PBXFileReference; fileEncoding = 4; lastKnownFileType = sourcecode.c.h; path = TYDetailViewController.h; sourceTree = "<group>"; };
		1001E5271A1EF881003AB9A3 /* TYDetailViewController.m */ = {isa = PBXFileReference; fileEncoding = 4; lastKnownFileType = sourcecode.c.objc; path = TYDetailViewController.m; sourceTree = "<group>"; };
		1001E5291A1F0512003AB9A3 /* TYDetailSearchConn.h */ = {isa = PBXFileReference; fileEncoding = 4; lastKnownFileType = sourcecode.c.h; path = TYDetailSearchConn.h; sourceTree = "<group>"; };
		1001E52A1A1F0512003AB9A3 /* TYDetailSearchConn.m */ = {isa = PBXFileReference; fileEncoding = 4; lastKnownFileType = sourcecode.c.objc; path = TYDetailSearchConn.m; sourceTree = "<group>"; };
		1001E52D1A1F32E1003AB9A3 /* TYRegisterViewController.h */ = {isa = PBXFileReference; fileEncoding = 4; lastKnownFileType = sourcecode.c.h; path = TYRegisterViewController.h; sourceTree = "<group>"; };
		1001E52E1A1F32E1003AB9A3 /* TYRegisterViewController.m */ = {isa = PBXFileReference; fileEncoding = 4; lastKnownFileType = sourcecode.c.objc; path = TYRegisterViewController.m; sourceTree = "<group>"; };
		1001E5311A1F7D46003AB9A3 /* TYMapViewController.h */ = {isa = PBXFileReference; fileEncoding = 4; lastKnownFileType = sourcecode.c.h; path = TYMapViewController.h; sourceTree = "<group>"; };
		1001E5321A1F7D46003AB9A3 /* TYMapViewController.m */ = {isa = PBXFileReference; fileEncoding = 4; lastKnownFileType = sourcecode.c.objc; path = TYMapViewController.m; sourceTree = "<group>"; };
		108FDCBD1A1DA00C00658904 /* GourmetDiary.app */ = {isa = PBXFileReference; explicitFileType = wrapper.application; includeInIndex = 0; path = GourmetDiary.app; sourceTree = BUILT_PRODUCTS_DIR; };
		108FDCC11A1DA00C00658904 /* Info.plist */ = {isa = PBXFileReference; lastKnownFileType = text.plist.xml; path = Info.plist; sourceTree = "<group>"; };
		108FDCC21A1DA00C00658904 /* main.m */ = {isa = PBXFileReference; lastKnownFileType = sourcecode.c.objc; path = main.m; sourceTree = "<group>"; };
		108FDCC41A1DA00C00658904 /* TYAppDelegate.h */ = {isa = PBXFileReference; lastKnownFileType = sourcecode.c.h; path = TYAppDelegate.h; sourceTree = "<group>"; };
		108FDCC51A1DA00C00658904 /* TYAppDelegate.m */ = {isa = PBXFileReference; lastKnownFileType = sourcecode.c.objc; path = TYAppDelegate.m; sourceTree = "<group>"; };
		108FDCC71A1DA00C00658904 /* TYViewController.h */ = {isa = PBXFileReference; lastKnownFileType = sourcecode.c.h; path = TYViewController.h; sourceTree = "<group>"; };
		108FDCC81A1DA00C00658904 /* TYViewController.m */ = {isa = PBXFileReference; lastKnownFileType = sourcecode.c.objc; path = TYViewController.m; sourceTree = "<group>"; };
		108FDCCB1A1DA00C00658904 /* Base */ = {isa = PBXFileReference; lastKnownFileType = file.storyboard; name = Base; path = Base.lproj/Main.storyboard; sourceTree = "<group>"; };
		108FDCCD1A1DA00C00658904 /* Images.xcassets */ = {isa = PBXFileReference; lastKnownFileType = folder.assetcatalog; path = Images.xcassets; sourceTree = "<group>"; };
		108FDCD01A1DA00C00658904 /* Base */ = {isa = PBXFileReference; lastKnownFileType = file.xib; name = Base; path = Base.lproj/LaunchScreen.xib; sourceTree = "<group>"; };
		108FDCD61A1DA00C00658904 /* GourmetDiaryTests.xctest */ = {isa = PBXFileReference; explicitFileType = wrapper.cfbundle; includeInIndex = 0; path = GourmetDiaryTests.xctest; sourceTree = BUILT_PRODUCTS_DIR; };
		108FDCDB1A1DA00C00658904 /* Info.plist */ = {isa = PBXFileReference; lastKnownFileType = text.plist.xml; path = Info.plist; sourceTree = "<group>"; };
		108FDCDC1A1DA00C00658904 /* GourmetDiaryTests.m */ = {isa = PBXFileReference; lastKnownFileType = sourcecode.c.objc; path = GourmetDiaryTests.m; sourceTree = "<group>"; };
		108FDCE61A1DB99A00658904 /* GourmetDiary-Prefix.pch */ = {isa = PBXFileReference; fileEncoding = 4; lastKnownFileType = sourcecode.c.h; path = "GourmetDiary-Prefix.pch"; sourceTree = "<group>"; };
		108FDCEA1A1DC0DB00658904 /* TYApplication.h */ = {isa = PBXFileReference; fileEncoding = 4; lastKnownFileType = sourcecode.c.h; path = TYApplication.h; sourceTree = "<group>"; };
		108FDCEB1A1DC0E600658904 /* TYApplication.m */ = {isa = PBXFileReference; fileEncoding = 4; lastKnownFileType = sourcecode.c.objc; path = TYApplication.m; sourceTree = "<group>"; };
		108FDCED1A1DC0FE00658904 /* TYURLOperation.h */ = {isa = PBXFileReference; fileEncoding = 4; lastKnownFileType = sourcecode.c.h; path = TYURLOperation.h; sourceTree = "<group>"; };
		108FDCEE1A1DC10600658904 /* TYURLOperation.m */ = {isa = PBXFileReference; fileEncoding = 4; lastKnownFileType = sourcecode.c.objc; path = TYURLOperation.m; sourceTree = "<group>"; };
		108FDCF01A1DC11200658904 /* TYUtil.h */ = {isa = PBXFileReference; fileEncoding = 4; lastKnownFileType = sourcecode.c.h; path = TYUtil.h; sourceTree = "<group>"; };
		108FDCF11A1DC11A00658904 /* TYUtil.m */ = {isa = PBXFileReference; fileEncoding = 4; lastKnownFileType = sourcecode.c.objc; path = TYUtil.m; sourceTree = "<group>"; };
		108FDCF31A1DC13900658904 /* TYLocationSearch.h */ = {isa = PBXFileReference; fileEncoding = 4; lastKnownFileType = sourcecode.c.h; path = TYLocationSearch.h; sourceTree = "<group>"; };
		108FDCF41A1DC14000658904 /* TYLocationSearch.m */ = {isa = PBXFileReference; fileEncoding = 4; lastKnownFileType = sourcecode.c.objc; path = TYLocationSearch.m; sourceTree = "<group>"; };
		108FDCF81A1DC19400658904 /* GourmetDiary.xcdatamodel */ = {isa = PBXFileReference; lastKnownFileType = wrapper.xcdatamodel; path = GourmetDiary.xcdatamodel; sourceTree = "<group>"; };
		108FDCFA1A1DC1A700658904 /* TYGourmetDiaryManager.h */ = {isa = PBXFileReference; fileEncoding = 4; lastKnownFileType = sourcecode.c.h; path = TYGourmetDiaryManager.h; sourceTree = "<group>"; };
		108FDCFB1A1DC1A700658904 /* TYGourmetDiaryManager.m */ = {isa = PBXFileReference; fileEncoding = 4; lastKnownFileType = sourcecode.c.objc; path = TYGourmetDiaryManager.m; sourceTree = "<group>"; };
		108FDCFD1A1DC25600658904 /* SearchData.h */ = {isa = PBXFileReference; fileEncoding = 4; lastKnownFileType = sourcecode.c.h; path = SearchData.h; sourceTree = "<group>"; };
		108FDCFE1A1DC25600658904 /* SearchData.m */ = {isa = PBXFileReference; fileEncoding = 4; lastKnownFileType = sourcecode.c.objc; path = SearchData.m; sourceTree = "<group>"; };
		108FDD031A1DC4C900658904 /* KeywordSearch.h */ = {isa = PBXFileReference; fileEncoding = 4; lastKnownFileType = sourcecode.c.h; path = KeywordSearch.h; sourceTree = "<group>"; };
		108FDD041A1DC4C900658904 /* KeywordSearch.m */ = {isa = PBXFileReference; fileEncoding = 4; lastKnownFileType = sourcecode.c.objc; path = KeywordSearch.m; sourceTree = "<group>"; };
		108FDD0B1A1DCA9A00658904 /* TYSearchViewController.h */ = {isa = PBXFileReference; fileEncoding = 4; lastKnownFileType = sourcecode.c.h; path = TYSearchViewController.h; sourceTree = "<group>"; };
		108FDD0C1A1DCA9A00658904 /* TYSearchViewController.m */ = {isa = PBXFileReference; fileEncoding = 4; lastKnownFileType = sourcecode.c.objc; path = TYSearchViewController.m; sourceTree = "<group>"; };
		108FDD0E1A1DD97300658904 /* TYLocationInfo.h */ = {isa = PBXFileReference; fileEncoding = 4; lastKnownFileType = sourcecode.c.h; path = TYLocationInfo.h; sourceTree = "<group>"; };
		108FDD0F1A1DD97300658904 /* TYLocationInfo.m */ = {isa = PBXFileReference; fileEncoding = 4; lastKnownFileType = sourcecode.c.objc; path = TYLocationInfo.m; sourceTree = "<group>"; };
		108FDD121A1E06C800658904 /* TYSearchTableViewCell.h */ = {isa = PBXFileReference; fileEncoding = 4; lastKnownFileType = sourcecode.c.h; path = TYSearchTableViewCell.h; sourceTree = "<group>"; };
		108FDD131A1E06C800658904 /* TYSearchTableViewCell.m */ = {isa = PBXFileReference; fileEncoding = 4; lastKnownFileType = sourcecode.c.objc; path = TYSearchTableViewCell.m; sourceTree = "<group>"; };
		10C927BF1A204BAE00CD6669 /* MapKit.framework */ = {isa = PBXFileReference; lastKnownFileType = wrapper.framework; name = MapKit.framework; path = System/Library/Frameworks/MapKit.framework; sourceTree = SDKROOT; };
		10C927C11A20BA5A00CD6669 /* TYVisitedTableViewCell.h */ = {isa = PBXFileReference; fileEncoding = 4; lastKnownFileType = sourcecode.c.h; path = TYVisitedTableViewCell.h; sourceTree = "<group>"; };
		10C927C21A20BA5A00CD6669 /* TYVisitedTableViewCell.m */ = {isa = PBXFileReference; fileEncoding = 4; lastKnownFileType = sourcecode.c.objc; path = TYVisitedTableViewCell.m; sourceTree = "<group>"; };
		10C927C41A218C6400CD6669 /* ShopMst.h */ = {isa = PBXFileReference; fileEncoding = 4; lastKnownFileType = sourcecode.c.h; path = ShopMst.h; sourceTree = "<group>"; };
		10C927C51A218C6400CD6669 /* ShopMst.m */ = {isa = PBXFileReference; fileEncoding = 4; lastKnownFileType = sourcecode.c.objc; path = ShopMst.m; sourceTree = "<group>"; };
		10C927C71A218C6500CD6669 /* VisitData.h */ = {isa = PBXFileReference; fileEncoding = 4; lastKnownFileType = sourcecode.c.h; path = VisitData.h; sourceTree = "<group>"; };
		10C927C81A218C6500CD6669 /* VisitData.m */ = {isa = PBXFileReference; fileEncoding = 4; lastKnownFileType = sourcecode.c.objc; path = VisitData.m; sourceTree = "<group>"; };
		10D28D4E1A29D06500261360 /* TYShopViewController.h */ = {isa = PBXFileReference; fileEncoding = 4; lastKnownFileType = sourcecode.c.h; path = TYShopViewController.h; sourceTree = "<group>"; };
		10D28D4F1A29D06500261360 /* TYShopViewController.m */ = {isa = PBXFileReference; fileEncoding = 4; lastKnownFileType = sourcecode.c.objc; path = TYShopViewController.m; sourceTree = "<group>"; };
/* End PBXFileReference section */

/* Begin PBXFrameworksBuildPhase section */
		108FDCBA1A1DA00C00658904 /* Frameworks */ = {
			isa = PBXFrameworksBuildPhase;
			buildActionMask = 2147483647;
			files = (
				10C927C01A204BAE00CD6669 /* MapKit.framework in Frameworks */,
			);
			runOnlyForDeploymentPostprocessing = 0;
		};
		108FDCD31A1DA00C00658904 /* Frameworks */ = {
			isa = PBXFrameworksBuildPhase;
			buildActionMask = 2147483647;
			files = (
			);
			runOnlyForDeploymentPostprocessing = 0;
		};
/* End PBXFrameworksBuildPhase section */

/* Begin PBXGroup section */
		1001DDB91A24B73500B84E66 /* Diary */ = {
			isa = PBXGroup;
			children = (
				1001DDBA1A24B7D200B84E66 /* TYDiaryViewController.h */,
				1001DDBB1A24B7D200B84E66 /* TYDiaryViewController.m */,
			);
			name = Diary;
			path = Controller/Diary;
			sourceTree = "<group>";
		};
		1001DDBD1A255F0700B84E66 /* Editor */ = {
			isa = PBXGroup;
			children = (
				1001DDBE1A255F3300B84E66 /* TYEditorViewController.h */,
				1001DDBF1A255F3300B84E66 /* TYEditorViewController.m */,
			);
			name = Editor;
			path = Controller/Editor;
			sourceTree = "<group>";
		};
		1001E51D1A1EC1C9003AB9A3 /* Result */ = {
			isa = PBXGroup;
			children = (
				1001E51F1A1EC476003AB9A3 /* TYResultViewController.h */,
				1001E5201A1EC476003AB9A3 /* TYResultViewController.m */,
			);
			name = Result;
			path = Controller/Result;
			sourceTree = "<group>";
		};
		1001E51E1A1EC307003AB9A3 /* Top */ = {
			isa = PBXGroup;
			children = (
				108FDCC71A1DA00C00658904 /* TYViewController.h */,
				108FDCC81A1DA00C00658904 /* TYViewController.m */,
			);
			name = Top;
			path = Controller/Top;
			sourceTree = "<group>";
		};
		1001E5251A1EF84B003AB9A3 /* Detail */ = {
			isa = PBXGroup;
			children = (
				1001E5261A1EF881003AB9A3 /* TYDetailViewController.h */,
				1001E5271A1EF881003AB9A3 /* TYDetailViewController.m */,
			);
			name = Detail;
			path = Controller/Detail;
			sourceTree = "<group>";
		};
		1001E52C1A1F32A1003AB9A3 /* Register */ = {
			isa = PBXGroup;
			children = (
				1001E52D1A1F32E1003AB9A3 /* TYRegisterViewController.h */,
				1001E52E1A1F32E1003AB9A3 /* TYRegisterViewController.m */,
			);
			name = Register;
			path = Controller/Register;
			sourceTree = "<group>";
		};
		1001E5301A1F7CE4003AB9A3 /* Map */ = {
			isa = PBXGroup;
			children = (
				1001E5311A1F7D46003AB9A3 /* TYMapViewController.h */,
				1001E5321A1F7D46003AB9A3 /* TYMapViewController.m */,
			);
			name = Map;
			path = Controller/Map;
			sourceTree = "<group>";
		};
		108FDCB41A1DA00C00658904 = {
			isa = PBXGroup;
			children = (
				10C927BF1A204BAE00CD6669 /* MapKit.framework */,
				108FDCBF1A1DA00C00658904 /* GourmetDiary */,
				108FDCD91A1DA00C00658904 /* GourmetDiaryTests */,
				108FDCBE1A1DA00C00658904 /* Products */,
			);
			sourceTree = "<group>";
		};
		108FDCBE1A1DA00C00658904 /* Products */ = {
			isa = PBXGroup;
			children = (
				108FDCBD1A1DA00C00658904 /* GourmetDiary.app */,
				108FDCD61A1DA00C00658904 /* GourmetDiaryTests.xctest */,
			);
			name = Products;
			sourceTree = "<group>";
		};
		108FDCBF1A1DA00C00658904 /* GourmetDiary */ = {
			isa = PBXGroup;
			children = (
				108FDD111A1E065A00658904 /* View */,
				108FDD091A1DC87500658904 /* Controller */,
				108FDCF61A1DC15000658904 /* Model */,
				108FDCE71A1DC01100658904 /* Domain */,
				108FDCC41A1DA00C00658904 /* TYAppDelegate.h */,
				108FDCC51A1DA00C00658904 /* TYAppDelegate.m */,
				108FDCCA1A1DA00C00658904 /* Main.storyboard */,
				108FDCCD1A1DA00C00658904 /* Images.xcassets */,
				108FDCCF1A1DA00C00658904 /* LaunchScreen.xib */,
				108FDCE61A1DB99A00658904 /* GourmetDiary-Prefix.pch */,
				108FDCC01A1DA00C00658904 /* Supporting Files */,
			);
			path = GourmetDiary;
			sourceTree = "<group>";
		};
		108FDCC01A1DA00C00658904 /* Supporting Files */ = {
			isa = PBXGroup;
			children = (
				108FDCC11A1DA00C00658904 /* Info.plist */,
				108FDCC21A1DA00C00658904 /* main.m */,
			);
			name = "Supporting Files";
			sourceTree = "<group>";
		};
		108FDCD91A1DA00C00658904 /* GourmetDiaryTests */ = {
			isa = PBXGroup;
			children = (
				108FDCDC1A1DA00C00658904 /* GourmetDiaryTests.m */,
				108FDCDA1A1DA00C00658904 /* Supporting Files */,
			);
			path = GourmetDiaryTests;
			sourceTree = "<group>";
		};
		108FDCDA1A1DA00C00658904 /* Supporting Files */ = {
			isa = PBXGroup;
			children = (
				108FDCDB1A1DA00C00658904 /* Info.plist */,
			);
			name = "Supporting Files";
			sourceTree = "<group>";
		};
		108FDCE71A1DC01100658904 /* Domain */ = {
			isa = PBXGroup;
			children = (
				108FDCE91A1DC09800658904 /* Connection */,
				108FDCE81A1DC08C00658904 /* Application */,
			);
			path = Domain;
			sourceTree = "<group>";
		};
		108FDCE81A1DC08C00658904 /* Application */ = {
			isa = PBXGroup;
			children = (
				108FDCEA1A1DC0DB00658904 /* TYApplication.h */,
				108FDCEB1A1DC0E600658904 /* TYApplication.m */,
				108FDCF01A1DC11200658904 /* TYUtil.h */,
				108FDCF11A1DC11A00658904 /* TYUtil.m */,
				108FDD0E1A1DD97300658904 /* TYLocationInfo.h */,
				108FDD0F1A1DD97300658904 /* TYLocationInfo.m */,
			);
			path = Application;
			sourceTree = "<group>";
		};
		108FDCE91A1DC09800658904 /* Connection */ = {
			isa = PBXGroup;
			children = (
				108FDCED1A1DC0FE00658904 /* TYURLOperation.h */,
				108FDCEE1A1DC10600658904 /* TYURLOperation.m */,
				108FDCF31A1DC13900658904 /* TYLocationSearch.h */,
				108FDCF41A1DC14000658904 /* TYLocationSearch.m */,
				1001E5221A1EC60A003AB9A3 /* TYKeywordSearchConn.h */,
				1001E5231A1EC60A003AB9A3 /* TYKeywordSearchConn.m */,
				1001E5291A1F0512003AB9A3 /* TYDetailSearchConn.h */,
				1001E52A1A1F0512003AB9A3 /* TYDetailSearchConn.m */,
			);
			path = Connection;
			sourceTree = "<group>";
		};
		108FDCF61A1DC15000658904 /* Model */ = {
			isa = PBXGroup;
			children = (
				108FDCF71A1DC19400658904 /* GourmetDiary.xcdatamodeld */,
				10C927C71A218C6500CD6669 /* VisitData.h */,
				10C927C81A218C6500CD6669 /* VisitData.m */,
				10C927C41A218C6400CD6669 /* ShopMst.h */,
				10C927C51A218C6400CD6669 /* ShopMst.m */,
				108FDD031A1DC4C900658904 /* KeywordSearch.h */,
				108FDD041A1DC4C900658904 /* KeywordSearch.m */,
				108FDCFD1A1DC25600658904 /* SearchData.h */,
				108FDCFE1A1DC25600658904 /* SearchData.m */,
				108FDCFA1A1DC1A700658904 /* TYGourmetDiaryManager.h */,
				108FDCFB1A1DC1A700658904 /* TYGourmetDiaryManager.m */,
			);
			path = Model;
			sourceTree = "<group>";
		};
		108FDD091A1DC87500658904 /* Controller */ = {
			isa = PBXGroup;
			children = (
				10D28D4D1A29D00500261360 /* Shop */,
				1001DDBD1A255F0700B84E66 /* Editor */,
				1001DDB91A24B73500B84E66 /* Diary */,
				1001E5301A1F7CE4003AB9A3 /* Map */,
				1001E52C1A1F32A1003AB9A3 /* Register */,
				1001E5251A1EF84B003AB9A3 /* Detail */,
				1001E51E1A1EC307003AB9A3 /* Top */,
				1001E51D1A1EC1C9003AB9A3 /* Result */,
				108FDD0A1A1DCA5200658904 /* Search */,
			);
			name = Controller;
			sourceTree = "<group>";
		};
		108FDD0A1A1DCA5200658904 /* Search */ = {
			isa = PBXGroup;
			children = (
				108FDD0B1A1DCA9A00658904 /* TYSearchViewController.h */,
				108FDD0C1A1DCA9A00658904 /* TYSearchViewController.m */,
			);
			name = Search;
			path = Controller/Search;
			sourceTree = "<group>";
		};
		108FDD111A1E065A00658904 /* View */ = {
			isa = PBXGroup;
			children = (
				108FDD121A1E06C800658904 /* TYSearchTableViewCell.h */,
				108FDD131A1E06C800658904 /* TYSearchTableViewCell.m */,
				10C927C11A20BA5A00CD6669 /* TYVisitedTableViewCell.h */,
				10C927C21A20BA5A00CD6669 /* TYVisitedTableViewCell.m */,
			);
			path = View;
			sourceTree = "<group>";
		};
		10D28D4D1A29D00500261360 /* Shop */ = {
			isa = PBXGroup;
			children = (
				10D28D4E1A29D06500261360 /* TYShopViewController.h */,
				10D28D4F1A29D06500261360 /* TYShopViewController.m */,
			);
			name = Shop;
			path = Controller/Shop;
			sourceTree = "<group>";
		};
/* End PBXGroup section */

/* Begin PBXNativeTarget section */
		108FDCBC1A1DA00C00658904 /* GourmetDiary */ = {
			isa = PBXNativeTarget;
			buildConfigurationList = 108FDCE01A1DA00C00658904 /* Build configuration list for PBXNativeTarget "GourmetDiary" */;
			buildPhases = (
				108FDCB91A1DA00C00658904 /* Sources */,
				108FDCBA1A1DA00C00658904 /* Frameworks */,
				108FDCBB1A1DA00C00658904 /* Resources */,
			);
			buildRules = (
			);
			dependencies = (
			);
			name = GourmetDiary;
			productName = GourmetDiary;
			productReference = 108FDCBD1A1DA00C00658904 /* GourmetDiary.app */;
			productType = "com.apple.product-type.application";
		};
		108FDCD51A1DA00C00658904 /* GourmetDiaryTests */ = {
			isa = PBXNativeTarget;
			buildConfigurationList = 108FDCE31A1DA00C00658904 /* Build configuration list for PBXNativeTarget "GourmetDiaryTests" */;
			buildPhases = (
				108FDCD21A1DA00C00658904 /* Sources */,
				108FDCD31A1DA00C00658904 /* Frameworks */,
				108FDCD41A1DA00C00658904 /* Resources */,
			);
			buildRules = (
			);
			dependencies = (
				108FDCD81A1DA00C00658904 /* PBXTargetDependency */,
			);
			name = GourmetDiaryTests;
			productName = GourmetDiaryTests;
			productReference = 108FDCD61A1DA00C00658904 /* GourmetDiaryTests.xctest */;
			productType = "com.apple.product-type.bundle.unit-test";
		};
/* End PBXNativeTarget section */

/* Begin PBXProject section */
		108FDCB51A1DA00C00658904 /* Project object */ = {
			isa = PBXProject;
			attributes = {
				LastUpgradeCheck = 0610;
				ORGANIZATIONNAME = yamatomo;
				TargetAttributes = {
					108FDCBC1A1DA00C00658904 = {
						CreatedOnToolsVersion = 6.1;
					};
					108FDCD51A1DA00C00658904 = {
						CreatedOnToolsVersion = 6.1;
						TestTargetID = 108FDCBC1A1DA00C00658904;
					};
				};
			};
			buildConfigurationList = 108FDCB81A1DA00C00658904 /* Build configuration list for PBXProject "GourmetDiary" */;
			compatibilityVersion = "Xcode 3.2";
			developmentRegion = English;
			hasScannedForEncodings = 0;
			knownRegions = (
				en,
				Base,
			);
			mainGroup = 108FDCB41A1DA00C00658904;
			productRefGroup = 108FDCBE1A1DA00C00658904 /* Products */;
			projectDirPath = "";
			projectRoot = "";
			targets = (
				108FDCBC1A1DA00C00658904 /* GourmetDiary */,
				108FDCD51A1DA00C00658904 /* GourmetDiaryTests */,
			);
		};
/* End PBXProject section */

/* Begin PBXResourcesBuildPhase section */
		108FDCBB1A1DA00C00658904 /* Resources */ = {
			isa = PBXResourcesBuildPhase;
			buildActionMask = 2147483647;
			files = (
				108FDCCC1A1DA00C00658904 /* Main.storyboard in Resources */,
				108FDCD11A1DA00C00658904 /* LaunchScreen.xib in Resources */,
				108FDCCE1A1DA00C00658904 /* Images.xcassets in Resources */,
			);
			runOnlyForDeploymentPostprocessing = 0;
		};
		108FDCD41A1DA00C00658904 /* Resources */ = {
			isa = PBXResourcesBuildPhase;
			buildActionMask = 2147483647;
			files = (
			);
			runOnlyForDeploymentPostprocessing = 0;
		};
/* End PBXResourcesBuildPhase section */

/* Begin PBXSourcesBuildPhase section */
		108FDCB91A1DA00C00658904 /* Sources */ = {
			isa = PBXSourcesBuildPhase;
			buildActionMask = 2147483647;
			files = (
				1001E5331A1F7D46003AB9A3 /* TYMapViewController.m in Sources */,
				108FDCC91A1DA00C00658904 /* TYViewController.m in Sources */,
				1001DDC01A255F3300B84E66 /* TYEditorViewController.m in Sources */,
				10C927C91A218C6500CD6669 /* VisitData.m in Sources */,
				1001E5211A1EC476003AB9A3 /* TYResultViewController.m in Sources */,
				108FDCC61A1DA00C00658904 /* TYAppDelegate.m in Sources */,
				108FDCF21A1DC11A00658904 /* TYUtil.m in Sources */,
				1001E5281A1EF881003AB9A3 /* TYDetailViewController.m in Sources */,
				108FDCC31A1DA00C00658904 /* main.m in Sources */,
				108FDCEF1A1DC10600658904 /* TYURLOperation.m in Sources */,
				108FDD101A1DD97300658904 /* TYLocationInfo.m in Sources */,
				108FDD051A1DC4C900658904 /* KeywordSearch.m in Sources */,
				108FDCF91A1DC19400658904 /* GourmetDiary.xcdatamodeld in Sources */,
				108FDD141A1E06C800658904 /* TYSearchTableViewCell.m in Sources */,
				10C927C61A218C6400CD6669 /* ShopMst.m in Sources */,
				1001E52B1A1F0512003AB9A3 /* TYDetailSearchConn.m in Sources */,
				108FDCF51A1DC14000658904 /* TYLocationSearch.m in Sources */,
				10D28D501A29D06500261360 /* TYShopViewController.m in Sources */,
				108FDCFF1A1DC25600658904 /* SearchData.m in Sources */,
				108FDCFC1A1DC1A700658904 /* TYGourmetDiaryManager.m in Sources */,
				1001E5241A1EC60A003AB9A3 /* TYKeywordSearchConn.m in Sources */,
				10C927C31A20BA5A00CD6669 /* TYVisitedTableViewCell.m in Sources */,
				1001E52F1A1F32E1003AB9A3 /* TYRegisterViewController.m in Sources */,
				108FDD0D1A1DCA9A00658904 /* TYSearchViewController.m in Sources */,
				108FDCEC1A1DC0E600658904 /* TYApplication.m in Sources */,
				1001DDBC1A24B7D200B84E66 /* TYDiaryViewController.m in Sources */,
			);
			runOnlyForDeploymentPostprocessing = 0;
		};
		108FDCD21A1DA00C00658904 /* Sources */ = {
			isa = PBXSourcesBuildPhase;
			buildActionMask = 2147483647;
			files = (
				108FDCDD1A1DA00C00658904 /* GourmetDiaryTests.m in Sources */,
			);
			runOnlyForDeploymentPostprocessing = 0;
		};
/* End PBXSourcesBuildPhase section */

/* Begin PBXTargetDependency section */
		108FDCD81A1DA00C00658904 /* PBXTargetDependency */ = {
			isa = PBXTargetDependency;
			target = 108FDCBC1A1DA00C00658904 /* GourmetDiary */;
			targetProxy = 108FDCD71A1DA00C00658904 /* PBXContainerItemProxy */;
		};
/* End PBXTargetDependency section */

/* Begin PBXVariantGroup section */
		108FDCCA1A1DA00C00658904 /* Main.storyboard */ = {
			isa = PBXVariantGroup;
			children = (
				108FDCCB1A1DA00C00658904 /* Base */,
			);
			name = Main.storyboard;
			sourceTree = "<group>";
		};
		108FDCCF1A1DA00C00658904 /* LaunchScreen.xib */ = {
			isa = PBXVariantGroup;
			children = (
				108FDCD01A1DA00C00658904 /* Base */,
			);
			name = LaunchScreen.xib;
			sourceTree = "<group>";
		};
/* End PBXVariantGroup section */

/* Begin XCBuildConfiguration section */
		108FDCDE1A1DA00C00658904 /* Debug */ = {
			isa = XCBuildConfiguration;
			buildSettings = {
				ALWAYS_SEARCH_USER_PATHS = NO;
				CLANG_CXX_LANGUAGE_STANDARD = "gnu++0x";
				CLANG_CXX_LIBRARY = "libc++";
				CLANG_ENABLE_MODULES = YES;
				CLANG_ENABLE_OBJC_ARC = YES;
				CLANG_WARN_BOOL_CONVERSION = YES;
				CLANG_WARN_CONSTANT_CONVERSION = YES;
				CLANG_WARN_DIRECT_OBJC_ISA_USAGE = YES_ERROR;
				CLANG_WARN_EMPTY_BODY = YES;
				CLANG_WARN_ENUM_CONVERSION = YES;
				CLANG_WARN_INT_CONVERSION = YES;
				CLANG_WARN_OBJC_ROOT_CLASS = YES_ERROR;
				CLANG_WARN_UNREACHABLE_CODE = YES;
				CLANG_WARN__DUPLICATE_METHOD_MATCH = YES;
				"CODE_SIGN_IDENTITY[sdk=iphoneos*]" = "iPhone Developer";
				COPY_PHASE_STRIP = NO;
				ENABLE_STRICT_OBJC_MSGSEND = YES;
				GCC_C_LANGUAGE_STANDARD = gnu99;
				GCC_DYNAMIC_NO_PIC = NO;
				GCC_OPTIMIZATION_LEVEL = 0;
				GCC_PREPROCESSOR_DEFINITIONS = (
					"DEBUG=1",
					"$(inherited)",
				);
				GCC_SYMBOLS_PRIVATE_EXTERN = NO;
				GCC_WARN_64_TO_32_BIT_CONVERSION = YES;
				GCC_WARN_ABOUT_RETURN_TYPE = YES_ERROR;
				GCC_WARN_UNDECLARED_SELECTOR = YES;
				GCC_WARN_UNINITIALIZED_AUTOS = YES_AGGRESSIVE;
				GCC_WARN_UNUSED_FUNCTION = YES;
				GCC_WARN_UNUSED_VARIABLE = YES;
				IPHONEOS_DEPLOYMENT_TARGET = 8.1;
				MTL_ENABLE_DEBUG_INFO = YES;
				ONLY_ACTIVE_ARCH = YES;
				SDKROOT = iphoneos;
			};
			name = Debug;
		};
		108FDCDF1A1DA00C00658904 /* Release */ = {
			isa = XCBuildConfiguration;
			buildSettings = {
				ALWAYS_SEARCH_USER_PATHS = NO;
				CLANG_CXX_LANGUAGE_STANDARD = "gnu++0x";
				CLANG_CXX_LIBRARY = "libc++";
				CLANG_ENABLE_MODULES = YES;
				CLANG_ENABLE_OBJC_ARC = YES;
				CLANG_WARN_BOOL_CONVERSION = YES;
				CLANG_WARN_CONSTANT_CONVERSION = YES;
				CLANG_WARN_DIRECT_OBJC_ISA_USAGE = YES_ERROR;
				CLANG_WARN_EMPTY_BODY = YES;
				CLANG_WARN_ENUM_CONVERSION = YES;
				CLANG_WARN_INT_CONVERSION = YES;
				CLANG_WARN_OBJC_ROOT_CLASS = YES_ERROR;
				CLANG_WARN_UNREACHABLE_CODE = YES;
				CLANG_WARN__DUPLICATE_METHOD_MATCH = YES;
				"CODE_SIGN_IDENTITY[sdk=iphoneos*]" = "iPhone Developer";
				COPY_PHASE_STRIP = YES;
				ENABLE_NS_ASSERTIONS = NO;
				ENABLE_STRICT_OBJC_MSGSEND = YES;
				GCC_C_LANGUAGE_STANDARD = gnu99;
				GCC_WARN_64_TO_32_BIT_CONVERSION = YES;
				GCC_WARN_ABOUT_RETURN_TYPE = YES_ERROR;
				GCC_WARN_UNDECLARED_SELECTOR = YES;
				GCC_WARN_UNINITIALIZED_AUTOS = YES_AGGRESSIVE;
				GCC_WARN_UNUSED_FUNCTION = YES;
				GCC_WARN_UNUSED_VARIABLE = YES;
				IPHONEOS_DEPLOYMENT_TARGET = 8.1;
				MTL_ENABLE_DEBUG_INFO = NO;
				SDKROOT = iphoneos;
				VALIDATE_PRODUCT = YES;
			};
			name = Release;
		};
		108FDCE11A1DA00C00658904 /* Debug */ = {
			isa = XCBuildConfiguration;
			buildSettings = {
				ASSETCATALOG_COMPILER_APPICON_NAME = AppIcon;
				GCC_PRECOMPILE_PREFIX_HEADER = YES;
				GCC_PREFIX_HEADER = "GourmetDiary/GourmetDiary-Prefix.pch";
				INFOPLIST_FILE = GourmetDiary/Info.plist;
				LD_RUNPATH_SEARCH_PATHS = "$(inherited) @executable_path/Frameworks";
				PRODUCT_NAME = "$(TARGET_NAME)";
			};
			name = Debug;
		};
		108FDCE21A1DA00C00658904 /* Release */ = {
			isa = XCBuildConfiguration;
			buildSettings = {
				ASSETCATALOG_COMPILER_APPICON_NAME = AppIcon;
				GCC_PRECOMPILE_PREFIX_HEADER = YES;
				GCC_PREFIX_HEADER = "GourmetDiary/GourmetDiary-Prefix.pch";
				INFOPLIST_FILE = GourmetDiary/Info.plist;
				LD_RUNPATH_SEARCH_PATHS = "$(inherited) @executable_path/Frameworks";
				PRODUCT_NAME = "$(TARGET_NAME)";
			};
			name = Release;
		};
		108FDCE41A1DA00C00658904 /* Debug */ = {
			isa = XCBuildConfiguration;
			buildSettings = {
				BUNDLE_LOADER = "$(TEST_HOST)";
				FRAMEWORK_SEARCH_PATHS = (
					"$(SDKROOT)/Developer/Library/Frameworks",
					"$(inherited)",
				);
				GCC_PREPROCESSOR_DEFINITIONS = (
					"DEBUG=1",
					"$(inherited)",
				);
				INFOPLIST_FILE = GourmetDiaryTests/Info.plist;
				LD_RUNPATH_SEARCH_PATHS = "$(inherited) @executable_path/Frameworks @loader_path/Frameworks";
				PRODUCT_NAME = "$(TARGET_NAME)";
				TEST_HOST = "$(BUILT_PRODUCTS_DIR)/GourmetDiary.app/GourmetDiary";
			};
			name = Debug;
		};
		108FDCE51A1DA00C00658904 /* Release */ = {
			isa = XCBuildConfiguration;
			buildSettings = {
				BUNDLE_LOADER = "$(TEST_HOST)";
				FRAMEWORK_SEARCH_PATHS = (
					"$(SDKROOT)/Developer/Library/Frameworks",
					"$(inherited)",
				);
				INFOPLIST_FILE = GourmetDiaryTests/Info.plist;
				LD_RUNPATH_SEARCH_PATHS = "$(inherited) @executable_path/Frameworks @loader_path/Frameworks";
				PRODUCT_NAME = "$(TARGET_NAME)";
				TEST_HOST = "$(BUILT_PRODUCTS_DIR)/GourmetDiary.app/GourmetDiary";
			};
			name = Release;
		};
/* End XCBuildConfiguration section */

/* Begin XCConfigurationList section */
		108FDCB81A1DA00C00658904 /* Build configuration list for PBXProject "GourmetDiary" */ = {
			isa = XCConfigurationList;
			buildConfigurations = (
				108FDCDE1A1DA00C00658904 /* Debug */,
				108FDCDF1A1DA00C00658904 /* Release */,
			);
			defaultConfigurationIsVisible = 0;
			defaultConfigurationName = Release;
		};
		108FDCE01A1DA00C00658904 /* Build configuration list for PBXNativeTarget "GourmetDiary" */ = {
			isa = XCConfigurationList;
			buildConfigurations = (
				108FDCE11A1DA00C00658904 /* Debug */,
				108FDCE21A1DA00C00658904 /* Release */,
			);
			defaultConfigurationIsVisible = 0;
			defaultConfigurationName = Release;
		};
		108FDCE31A1DA00C00658904 /* Build configuration list for PBXNativeTarget "GourmetDiaryTests" */ = {
			isa = XCConfigurationList;
			buildConfigurations = (
				108FDCE41A1DA00C00658904 /* Debug */,
				108FDCE51A1DA00C00658904 /* Release */,
			);
			defaultConfigurationIsVisible = 0;
			defaultConfigurationName = Release;
		};
/* End XCConfigurationList section */

/* Begin XCVersionGroup section */
		108FDCF71A1DC19400658904 /* GourmetDiary.xcdatamodeld */ = {
			isa = XCVersionGroup;
			children = (
				108FDCF81A1DC19400658904 /* GourmetDiary.xcdatamodel */,
			);
			currentVersion = 108FDCF81A1DC19400658904 /* GourmetDiary.xcdatamodel */;
			path = GourmetDiary.xcdatamodeld;
			sourceTree = "<group>";
			versionGroupType = wrapper.xcdatamodel;
		};
/* End XCVersionGroup section */
	};
	rootObject = 108FDCB51A1DA00C00658904 /* Project object */;
}
